
Microsoft Visual Studio Solution File, Format Version 12.00
# Visual Studio Version 17
VisualStudioVersion = 17.3.32929.385
MinimumVisualStudioVersion = 10.0.40219.1
Project("{FAE04EC0-301F-11D3-BF4B-00C04F79EFBC}") = "Ej3", "Ej3\Ej3.csproj", "{14BF62F4-2C61-47BA-9BA9-7F6786373759}"
EndProject
Global
	GlobalSection(SolutionConfigurationPlatforms) = preSolution
		Debug|Any CPU = Debug|Any CPU
		Release|Any CPU = Release|Any CPU
	EndGlobalSection
	GlobalSection(ProjectConfigurationPlatforms) = postSolution
		{14BF62F4-2C61-47BA-9BA9-7F6786373759}.Debug|Any CPU.ActiveCfg = Debug|Any CPU
		{14BF62F4-2C61-47BA-9BA9-7F6786373759}.Debug|Any CPU.Build.0 = Debug|Any CPU
		{14BF62F4-2C61-47BA-9BA9-7F6786373759}.Release|Any CPU.ActiveCfg = Release|Any CPU
		{14BF62F4-2C61-47BA-9BA9-7F6786373759}.Release|Any CPU.Build.0 = Release|Any CPU
	EndGlobalSection
	GlobalSection(SolutionProperties) = preSolution
		HideSolutionNode = FALSE
	EndGlobalSection
	GlobalSection(ExtensibilityGlobals) = postSolution
		SolutionGuid = {AA5B0DF7-581C-4C44-9B48-B6026F81AB1B}
	EndGlobalSection
EndGlobal
