
Microsoft Visual Studio Solution File, Format Version 12.00
# Visual Studio Version 17
VisualStudioVersion = 17.3.32922.545
MinimumVisualStudioVersion = 10.0.40219.1
Project("{FAE04EC0-301F-11D3-BF4B-00C04F79EFBC}") = "ClasesObjetosyConstructores", "ClasesObjetosyConstructores\ClasesObjetosyConstructores.csproj", "{EBB9FB15-0989-46BB-9A7D-6CE6D6A35DEF}"
EndProject
Global
	GlobalSection(SolutionConfigurationPlatforms) = preSolution
		Debug|Any CPU = Debug|Any CPU
		Release|Any CPU = Release|Any CPU
	EndGlobalSection
	GlobalSection(ProjectConfigurationPlatforms) = postSolution
		{EBB9FB15-0989-46BB-9A7D-6CE6D6A35DEF}.Debug|Any CPU.ActiveCfg = Debug|Any CPU
		{EBB9FB15-0989-46BB-9A7D-6CE6D6A35DEF}.Debug|Any CPU.Build.0 = Debug|Any CPU
		{EBB9FB15-0989-46BB-9A7D-6CE6D6A35DEF}.Release|Any CPU.ActiveCfg = Release|Any CPU
		{EBB9FB15-0989-46BB-9A7D-6CE6D6A35DEF}.Release|Any CPU.Build.0 = Release|Any CPU
	EndGlobalSection
	GlobalSection(SolutionProperties) = preSolution
		HideSolutionNode = FALSE
	EndGlobalSection
	GlobalSection(ExtensibilityGlobals) = postSolution
		SolutionGuid = {692A1E12-02ED-4D57-8A9B-CD292270CADC}
	EndGlobalSection
EndGlobal
