
Microsoft Visual Studio Solution File, Format Version 12.00
# Visual Studio Version 17
VisualStudioVersion = 17.5.33516.290
MinimumVisualStudioVersion = 10.0.40219.1
Project("{FAE04EC0-301F-11D3-BF4B-00C04F79EFBC}") = "Ej4", "Ej4\Ej4.csproj", "{90C56581-BC95-4CAA-A161-DCD0CBBE173C}"
EndProject
Global
	GlobalSection(SolutionConfigurationPlatforms) = preSolution
		Debug|Any CPU = Debug|Any CPU
		Release|Any CPU = Release|Any CPU
	EndGlobalSection
	GlobalSection(ProjectConfigurationPlatforms) = postSolution
		{90C56581-BC95-4CAA-A161-DCD0CBBE173C}.Debug|Any CPU.ActiveCfg = Debug|Any CPU
		{90C56581-BC95-4CAA-A161-DCD0CBBE173C}.Debug|Any CPU.Build.0 = Debug|Any CPU
		{90C56581-BC95-4CAA-A161-DCD0CBBE173C}.Release|Any CPU.ActiveCfg = Release|Any CPU
		{90C56581-BC95-4CAA-A161-DCD0CBBE173C}.Release|Any CPU.Build.0 = Release|Any CPU
	EndGlobalSection
	GlobalSection(SolutionProperties) = preSolution
		HideSolutionNode = FALSE
	EndGlobalSection
	GlobalSection(ExtensibilityGlobals) = postSolution
		SolutionGuid = {6A6609B1-552C-497F-AEB2-AE36F5383671}
	EndGlobalSection
EndGlobal
